<?xml version="1.0" encoding="utf-8"?>
<Project ToolsVersion="4.0" xmlns="http://schemas.microsoft.com/developer/msbuild/2003">
  <ItemGroup>
    <Filter Include="include">
      <UniqueIdentifier>{ec5a09fd-e3a9-4707-9f81-aa584afdc6e2}</UniqueIdentifier>
    </Filter>
    <Filter Include="src">
      <UniqueIdentifier>{0b869512-0956-4869-b68d-2d385c777888}</UniqueIdentifier>
    </Filter>
    <Filter Include="test">
      <UniqueIdentifier>{19fbc199-904a-4d5f-8a99-d553a850966d}</UniqueIdentifier>
    </Filter>
  </ItemGroup>
  <ItemGroup>
    <ClInclude Include="..\..\lex.h">
      <Filter>include</Filter>
    </ClInclude>
    <ClInclude Include="..\..\memory.h">
      <Filter>include</Filter>
    </ClInclude>
    <ClInclude Include="..\..\output_message.h">
      <Filter>include</Filter>
    </ClInclude>
    <ClInclude Include="..\..\bcc.h">
      <Filter>include</Filter>
    </ClInclude>
    <ClInclude Include="..\..\common.h">
      <Filter>include</Filter>
    </ClInclude>
    <ClInclude Include="..\..\load_file.h">
      <Filter>include</Filter>
    </ClInclude>
  </ItemGroup>
  <ItemGroup>
    <ClCompile Include="..\..\lex.c">
      <Filter>src</Filter>
    </ClCompile>
    <ClCompile Include="..\..\memory.c">
      <Filter>src</Filter>
    </ClCompile>
    <ClCompile Include="..\..\output_message.c">
      <Filter>src</Filter>
    </ClCompile>
    <ClCompile Include="..\..\common.c">
      <Filter>src</Filter>
    </ClCompile>
    <ClCompile Include="..\..\load_file.c">
      <Filter>src</Filter>
    </ClCompile>
    <ClCompile Include="..\..\test\test_lex.c">
      <Filter>test</Filter>
    </ClCompile>
    <ClCompile Include="..\..\test\test_main.c">
      <Filter>test</Filter>
    </ClCompile>
  </ItemGroup>
</Project>